
Microsoft Visual Studio Solution File, Format Version 12.00
# Visual Studio 14
VisualStudioVersion = 14.0.25420.1
MinimumVisualStudioVersion = 10.0.40219.1
Project("{E24C65DC-7377-472B-9ABA-BC803B73C61A}") = "BMIcalculator", "..\..\WebSites\BMIcalculator\", "{F4473C68-A9B4-4334-9E79-4D89220F0215}"
	ProjectSection(WebsiteProperties) = preProject
		TargetFrameworkMoniker = ".NETFramework,Version%3Dv4.5.2"
		Debug.AspNetCompiler.VirtualPath = "/localhost_64252"
		Debug.AspNetCompiler.PhysicalPath = "..\..\WebSites\BMIcalculator\"
		Debug.AspNetCompiler.TargetPath = "PrecompiledWeb\localhost_64252\"
		Debug.AspNetCompiler.Updateable = "true"
		Debug.AspNetCompiler.ForceOverwrite = "true"
		Debug.AspNetCompiler.FixedNames = "false"
		Debug.AspNetCompiler.Debug = "True"
		Release.AspNetCompiler.VirtualPath = "/localhost_64252"
		Release.AspNetCompiler.PhysicalPath = "..\..\WebSites\BMIcalculator\"
		Release.AspNetCompiler.TargetPath = "PrecompiledWeb\localhost_64252\"
		Release.AspNetCompiler.Updateable = "true"
		Release.AspNetCompiler.ForceOverwrite = "true"
		Release.AspNetCompiler.FixedNames = "false"
		Release.AspNetCompiler.Debug = "False"
		VWDPort = "64252"
		SlnRelativePath = "..\..\WebSites\BMIcalculator\"
		DefaultWebSiteLanguage = "Visual C#"
	EndProjectSection
EndProject
Global
	GlobalSection(SolutionConfigurationPlatforms) = preSolution
		Debug|Any CPU = Debug|Any CPU
	EndGlobalSection
	GlobalSection(ProjectConfigurationPlatforms) = postSolution
		{F4473C68-A9B4-4334-9E79-4D89220F0215}.Debug|Any CPU.ActiveCfg = Debug|Any CPU
		{F4473C68-A9B4-4334-9E79-4D89220F0215}.Debug|Any CPU.Build.0 = Debug|Any CPU
	EndGlobalSection
	GlobalSection(SolutionProperties) = preSolution
		HideSolutionNode = FALSE
	EndGlobalSection
EndGlobal
